<?xml version="1.0" encoding="utf-8"?>
<Project ToolsVersion="4.0" xmlns="http://schemas.microsoft.com/developer/msbuild/2003">
  <ItemGroup>
    <Filter Include="ソース ファイル">
      <UniqueIdentifier>{4FC737F1-C7A5-4376-A066-2A32D752A2FF}</UniqueIdentifier>
      <Extensions>cpp;c;cc;cxx;def;odl;idl;hpj;bat;asm;asmx</Extensions>
    </Filter>
    <Filter Include="ヘッダー ファイル">
      <UniqueIdentifier>{93995380-89BD-4b04-88EB-625FBE52EBFB}</UniqueIdentifier>
      <Extensions>h;hh;hpp;hxx;hm;inl;inc;ipp;xsd</Extensions>
    </Filter>
    <Filter Include="リソース ファイル">
      <UniqueIdentifier>{67DA6AB6-F800-4c08-8B7A-83BB121AAD01}</UniqueIdentifier>
      <Extensions>rc;ico;cur;bmp;dlg;rc2;rct;bin;rgs;gif;jpg;jpeg;jpe;resx;tiff;tif;png;wav;mfcribbon-ms</Extensions>
    </Filter>
    <Filter Include="ヘッダー ファイル\config">
      <UniqueIdentifier>{313970fc-7d0c-4a49-89ad-4e0505c65b55}</UniqueIdentifier>
    </Filter>
    <Filter Include="ヘッダー ファイル\class">
      <UniqueIdentifier>{75a668d3-af9f-4d15-a49f-ac1f73e5028f}</UniqueIdentifier>
    </Filter>
    <Filter Include="ヘッダー ファイル\class\main">
      <UniqueIdentifier>{91aa1edf-9679-408b-b73e-f045f89be08c}</UniqueIdentifier>
    </Filter>
    <Filter Include="ソース ファイル\class">
      <UniqueIdentifier>{84b3b556-fde1-4085-8d9e-f91051eb0209}</UniqueIdentifier>
    </Filter>
    <Filter Include="ソース ファイル\class\main">
      <UniqueIdentifier>{76ea1f36-5810-4609-b402-7aca5e84c56b}</UniqueIdentifier>
    </Filter>
    <Filter Include="ヘッダー ファイル\class\light">
      <UniqueIdentifier>{4729af79-9f8d-49c0-b603-acd4ce2f1215}</UniqueIdentifier>
    </Filter>
    <Filter Include="ヘッダー ファイル\FileLoader">
      <UniqueIdentifier>{434734bc-3515-4524-9657-fed34c99a2f8}</UniqueIdentifier>
    </Filter>
    <Filter Include="リソース ファイル\Text">
      <UniqueIdentifier>{2669a392-cd01-40bb-87a4-8cc9b8283aef}</UniqueIdentifier>
    </Filter>
    <Filter Include="ソース ファイル\class\File">
      <UniqueIdentifier>{9becefa3-ffd4-4abe-980d-5842f01452cf}</UniqueIdentifier>
    </Filter>
    <Filter Include="ヘッダー ファイル\class\File">
      <UniqueIdentifier>{47a15b61-75ec-4cad-8c4d-708129a44865}</UniqueIdentifier>
    </Filter>
    <Filter Include="ヘッダー ファイル\class\File\Pmd">
      <UniqueIdentifier>{9b1339e4-5ec1-4b20-a65d-ab27eec0c974}</UniqueIdentifier>
    </Filter>
    <Filter Include="ソース ファイル\class\File\Pmd">
      <UniqueIdentifier>{66c34880-b551-4f9e-9b22-dd8e2be98c3e}</UniqueIdentifier>
    </Filter>
    <Filter Include="ヘッダー ファイル\class\File\Fbx">
      <UniqueIdentifier>{3747371d-a89e-4bdc-8e80-38bae2c6f7f1}</UniqueIdentifier>
    </Filter>
    <Filter Include="ソース ファイル\class\File\Fbx">
      <UniqueIdentifier>{7c793e7b-45b1-43be-9e45-9e7a4cf12e6b}</UniqueIdentifier>
    </Filter>
    <Filter Include="ソース ファイル\Utility">
      <UniqueIdentifier>{596502a8-9a5c-485c-bff2-cc59788f39c5}</UniqueIdentifier>
    </Filter>
    <Filter Include="ソース ファイル\Utility\DirectXUtil">
      <UniqueIdentifier>{f61d3c37-6139-4222-85bc-46cf6130ac90}</UniqueIdentifier>
    </Filter>
    <Filter Include="ヘッダー ファイル\Utility">
      <UniqueIdentifier>{035f35fa-4c82-4603-91da-f37cb8c8c087}</UniqueIdentifier>
    </Filter>
    <Filter Include="ヘッダー ファイル\Utility\DirectXUtil">
      <UniqueIdentifier>{e8045fdc-329a-405b-bf70-96b56faf9324}</UniqueIdentifier>
    </Filter>
    <Filter Include="ソース ファイル\class\File\X">
      <UniqueIdentifier>{85785c28-cdcb-4f0d-b031-c8b6ab8991c3}</UniqueIdentifier>
    </Filter>
    <Filter Include="ヘッダー ファイル\class\File\X">
      <UniqueIdentifier>{a405c5d3-5cd0-4292-a060-2adfcc4da09d}</UniqueIdentifier>
    </Filter>
    <Filter Include="リソース ファイル\VertexShader">
      <UniqueIdentifier>{d2f55346-053d-4fb8-9150-2c56661e3f2e}</UniqueIdentifier>
    </Filter>
    <Filter Include="リソース ファイル\PixelShader">
      <UniqueIdentifier>{23273253-3468-4c75-ae5d-81c6e46e834d}</UniqueIdentifier>
    </Filter>
    <Filter Include="リソース ファイル\PreShader">
      <UniqueIdentifier>{0f1944dc-ecf1-481f-9593-5683180590ec}</UniqueIdentifier>
    </Filter>
    <Filter Include="ヘッダー ファイル\class\Effect">
      <UniqueIdentifier>{5ddde399-8476-47f9-ad54-86fa9f776e70}</UniqueIdentifier>
    </Filter>
    <Filter Include="ソース ファイル\class\Effect">
      <UniqueIdentifier>{b1c15467-bcdf-4876-b757-c84ec9c065ed}</UniqueIdentifier>
    </Filter>
    <Filter Include="リソース ファイル\Textures">
      <UniqueIdentifier>{27d485e2-c7b1-43ff-a0e1-34a98de967c6}</UniqueIdentifier>
    </Filter>
  </ItemGroup>
  <ItemGroup>
    <ClCompile Include="Souce\main.cpp">
      <Filter>ソース ファイル</Filter>
    </ClCompile>
    <ClCompile Include="Souce\CGameMain.cpp">
      <Filter>ソース ファイル\class\main</Filter>
    </ClCompile>
    <ClCompile Include="Souce\dx11mathutil.cpp">
      <Filter>ソース ファイル\Utility\DirectXUtil</Filter>
    </ClCompile>
    <ClCompile Include="Souce\dx11util.cpp">
      <Filter>ソース ファイル\Utility\DirectXUtil</Filter>
    </ClCompile>
    <ClCompile Include="Souce\CDirectXGraphics.cpp">
      <Filter>ソース ファイル\Utility\DirectXUtil</Filter>
    </ClCompile>
    <ClCompile Include="Souce\PmdLoader.cpp">
      <Filter>ソース ファイル\class\File\Pmd</Filter>
    </ClCompile>
    <ClCompile Include="Souce\FileLoader.cpp">
      <Filter>ソース ファイル\class\File</Filter>
    </ClCompile>
    <ClCompile Include="Souce\CScene.cpp">
      <Filter>ソース ファイル\class\main</Filter>
    </ClCompile>
    <ClCompile Include="Souce\CModel.cpp">
      <Filter>ソース ファイル\class\File\X</Filter>
    </ClCompile>
    <ClCompile Include="Souce\DatFile.cpp">
      <Filter>ソース ファイル\class\File\X</Filter>
    </ClCompile>
    <ClCompile Include="Souce\DatFileLoader.cpp">
      <Filter>ソース ファイル\class\File\X</Filter>
    </ClCompile>
    <ClCompile Include="Souce\GamePlayScene.cpp">
      <Filter>ソース ファイル\class\main</Filter>
    </ClCompile>
    <ClCompile Include="Souce\FeedInFunction.cpp">
      <Filter>ソース ファイル\class\Effect</Filter>
    </ClCompile>
    <ClCompile Include="Souce\Observer.cpp">
      <Filter>ソース ファイル\Utility</Filter>
    </ClCompile>
    <ClCompile Include="Souce\Character.cpp">
      <Filter>ソース ファイル\class\main</Filter>
    </ClCompile>
    <ClCompile Include="Souce\ScreenPosJudger.cpp">
      <Filter>ソース ファイル\Utility</Filter>
    </ClCompile>
    <ClCompile Include="Souce\CParticle.cpp">
      <Filter>ソース ファイル\class\Effect</Filter>
    </ClCompile>
    <ClCompile Include="Souce\Enemy.cpp">
      <Filter>ソース ファイル\class\main</Filter>
    </ClCompile>
    <ClCompile Include="Souce\Player.cpp">
      <Filter>ソース ファイル\class\main</Filter>
    </ClCompile>
    <ClCompile Include="Souce\Shader.cpp">
      <Filter>ソース ファイル\Utility</Filter>
    </ClCompile>
    <ClCompile Include="Souce\CBillBoard.cpp">
      <Filter>ソース ファイル\class\File</Filter>
    </ClCompile>
    <ClCompile Include="Souce\DDSTextureLoader.cpp">
      <Filter>ソース ファイル\class\File</Filter>
    </ClCompile>
    <ClCompile Include="Souce\WICTextureLoader.cpp">
      <Filter>ソース ファイル\class\File</Filter>
    </ClCompile>
  </ItemGroup>
  <ItemGroup>
    <ClInclude Include="Souce\WindowSetting.h">
      <Filter>ヘッダー ファイル\config</Filter>
    </ClInclude>
    <ClInclude Include="Souce\definer.h">
      <Filter>ヘッダー ファイル\config</Filter>
    </ClInclude>
    <ClInclude Include="Souce\CCamera.h">
      <Filter>ヘッダー ファイル\class\main</Filter>
    </ClInclude>
    <ClInclude Include="Souce\CGameMain.h">
      <Filter>ヘッダー ファイル\class\main</Filter>
    </ClInclude>
    <ClInclude Include="Souce\dx11mathutil.h">
      <Filter>ヘッダー ファイル\Utility\DirectXUtil</Filter>
    </ClInclude>
    <ClInclude Include="Souce\DX11Settransform.h">
      <Filter>ヘッダー ファイル\Utility\DirectXUtil</Filter>
    </ClInclude>
    <ClInclude Include="Souce\DX11util.h">
      <Filter>ヘッダー ファイル\Utility\DirectXUtil</Filter>
    </ClInclude>
    <ClInclude Include="Souce\CDirectInput.h">
      <Filter>ヘッダー ファイル\Utility\DirectXUtil</Filter>
    </ClInclude>
    <ClInclude Include="Souce\CDirectxGraphics.h">
      <Filter>ヘッダー ファイル\Utility\DirectXUtil</Filter>
    </ClInclude>
    <ClInclude Include="Souce\CLight.h">
      <Filter>ヘッダー ファイル\class\light</Filter>
    </ClInclude>
    <ClInclude Include="Souce\Shader.h">
      <Filter>ヘッダー ファイル</Filter>
    </ClInclude>
    <ClInclude Include="Souce\PmdLoader.h">
      <Filter>ヘッダー ファイル\class\File\Pmd</Filter>
    </ClInclude>
    <ClInclude Include="Souce\CScene.h">
      <Filter>ヘッダー ファイル\class\main</Filter>
    </ClInclude>
    <ClInclude Include="Souce\CModel.h">
      <Filter>ヘッダー ファイル\class\File\X</Filter>
    </ClInclude>
    <ClInclude Include="Souce\DatFile.h">
      <Filter>ヘッダー ファイル\class\File\X</Filter>
    </ClInclude>
    <ClInclude Include="Souce\DatFileLoader.h">
      <Filter>ヘッダー ファイル\class\File\X</Filter>
    </ClInclude>
    <ClInclude Include="Souce\Exception.h">
      <Filter>ヘッダー ファイル\class\File\X</Filter>
    </ClInclude>
    <ClInclude Include="Souce\NonCopyable.h">
      <Filter>ヘッダー ファイル\class\File\X</Filter>
    </ClInclude>
    <ClInclude Include="Souce\Memory.h">
      <Filter>ヘッダー ファイル\Utility</Filter>
    </ClInclude>
    <ClInclude Include="Souce\CEffectiveObject.h">
      <Filter>ヘッダー ファイル\class\Effect</Filter>
    </ClInclude>
    <ClInclude Include="Souce\Observer.h">
      <Filter>ヘッダー ファイル\Utility</Filter>
    </ClInclude>
    <ClInclude Include="Souce\Character.h">
      <Filter>ヘッダー ファイル\class\main</Filter>
    </ClInclude>
    <ClInclude Include="Souce\ObjectSetting.h">
      <Filter>ヘッダー ファイル\config</Filter>
    </ClInclude>
    <ClInclude Include="Souce\ScreenPosJudger.h">
      <Filter>ヘッダー ファイル\Utility</Filter>
    </ClInclude>
    <ClInclude Include="Souce\Command.h">
      <Filter>ヘッダー ファイル\Utility</Filter>
    </ClInclude>
    <ClInclude Include="Souce\Interface.h">
      <Filter>ヘッダー ファイル\Utility</Filter>
    </ClInclude>
    <ClInclude Include="Souce\CParticle.h">
      <Filter>ヘッダー ファイル\class\Effect</Filter>
    </ClInclude>
    <ClInclude Include="Souce\CTimer.h">
      <Filter>ヘッダー ファイル\Utility</Filter>
    </ClInclude>
    <ClInclude Include="Souce\Draw2D.h">
      <Filter>ヘッダー ファイル\Utility</Filter>
    </ClInclude>
    <ClInclude Include="Souce\FileLoader.h">
      <Filter>ヘッダー ファイル\FileLoader</Filter>
    </ClInclude>
    <ClInclude Include="Souce\CBillBoard.h">
      <Filter>ヘッダー ファイル\class\File</Filter>
    </ClInclude>
  </ItemGroup>
  <ItemGroup>
    <Text Include="Text\PMX仕様.txt">
      <Filter>リソース ファイル\Text</Filter>
    </Text>
    <Text Include="..\..\バグ修正履歴.txt">
      <Filter>リソース ファイル\Text</Filter>
    </Text>
  </ItemGroup>
  <ItemGroup>
    <FxCompile Include="Shader\psvscommon.fx">
      <Filter>リソース ファイル\PreShader</Filter>
    </FxCompile>
    <FxCompile Include="Shader\psvscommon2.fx">
      <Filter>リソース ファイル\PreShader</Filter>
    </FxCompile>
    <FxCompile Include="Shader\ps.fx">
      <Filter>リソース ファイル\PixelShader</Filter>
    </FxCompile>
    <FxCompile Include="Shader\vs.fx">
      <Filter>リソース ファイル\VertexShader</Filter>
    </FxCompile>
    <FxCompile Include="Shader\MaterialColor_ps.fx">
      <Filter>リソース ファイル\PixelShader</Filter>
    </FxCompile>
    <FxCompile Include="Shader\ps2d.fx">
      <Filter>リソース ファイル\PixelShader</Filter>
    </FxCompile>
    <FxCompile Include="Shader\vs2d.fx">
      <Filter>リソース ファイル\VertexShader</Filter>
    </FxCompile>
    <FxCompile Include="Shader\Lightps.fx">
      <Filter>リソース ファイル\PixelShader</Filter>
    </FxCompile>
    <FxCompile Include="Shader\Lightvs.fx">
      <Filter>リソース ファイル\VertexShader</Filter>
    </FxCompile>
    <FxCompile Include="Shader\psskydome.fx">
      <Filter>リソース ファイル\PixelShader</Filter>
    </FxCompile>
    <FxCompile Include="Shader\psCockPit.fx">
      <Filter>リソース ファイル\PixelShader</Filter>
    </FxCompile>
    <FxCompile Include="Shader\fbxtest.fx">
      <Filter>リソース ファイル</Filter>
    </FxCompile>
    <FxCompile Include="Shader\vsskydome.fx">
      <Filter>リソース ファイル\VertexShader</Filter>
    </FxCompile>
  </ItemGroup>
  <ItemGroup>
    <Image Include="assets\textures\Title.png">
      <Filter>リソース ファイル\Textures</Filter>
    </Image>
    <Image Include="assets\textures\Result.png">
      <Filter>リソース ファイル\Textures</Filter>
    </Image>
    <Image Include="assets\textures\Site.png">
      <Filter>リソース ファイル\Textures</Filter>
    </Image>
    <Image Include="assets\textures\ActiveSite.png">
      <Filter>リソース ファイル\Textures</Filter>
    </Image>
  </ItemGroup>
</Project>